// !$*UTF8*$!
{
	archiveVersion = 1;
	classes = {
	};
	objectVersion = 50;
	objects = {

/* Begin PBXBuildFile section */
		6E2E0AD32A0E0AA600D8CA96 /* PhotoPlacementView.swift in Sources */ = {isa = PBXBuildFile; fileRef = 6E2E0AD22A0E0AA600D8CA96 /* PhotoPlacementView.swift */; };
		6EEE28B02A0E23BB00159A04 /* Canvas.swift in Sources */ = {isa = PBXBuildFile; fileRef = C37D2CA72626072900510F8F /* Canvas.swift */; };
		C34408DA26334829003611AE /* StrokeColorIndicator.swift in Sources */ = {isa = PBXBuildFile; fileRef = C34408D926334829003611AE /* StrokeColorIndicator.swift */; };
		C34408DC263348A6003611AE /* ControlBar.swift in Sources */ = {isa = PBXBuildFile; fileRef = C34408DB263348A6003611AE /* ControlBar.swift */; };
		C353A77926338CDD00655853 /* DrawTogether.swift in Sources */ = {isa = PBXBuildFile; fileRef = C353A77826338CDD00655853 /* DrawTogether.swift */; };
		C37D2C95262559AE00510F8F /* DrawTogetherApp.swift in Sources */ = {isa = PBXBuildFile; fileRef = C37D2C94262559AE00510F8F /* DrawTogetherApp.swift */; };
		C37D2C97262559AE00510F8F /* ContentView.swift in Sources */ = {isa = PBXBuildFile; fileRef = C37D2C96262559AE00510F8F /* ContentView.swift */; };
		C37D2C99262559B000510F8F /* Assets.xcassets in Resources */ = {isa = PBXBuildFile; fileRef = C37D2C98262559B000510F8F /* Assets.xcassets */; };
		C37D2C9C262559B000510F8F /* Preview Assets.xcassets in Resources */ = {isa = PBXBuildFile; fileRef = C37D2C9B262559B000510F8F /* Preview Assets.xcassets */; };
		C37D2CAA262608C200510F8F /* CanvasView.swift in Sources */ = {isa = PBXBuildFile; fileRef = C37D2CA9262608C200510F8F /* CanvasView.swift */; };
		C37D2CAC2626187300510F8F /* Stroke.swift in Sources */ = {isa = PBXBuildFile; fileRef = C37D2CAB2626187300510F8F /* Stroke.swift */; };
		C37D2CAE2626188900510F8F /* Messages.swift in Sources */ = {isa = PBXBuildFile; fileRef = C37D2CAD2626188900510F8F /* Messages.swift */; };
		C37D2CB026261CB900510F8F /* StrokeView.swift in Sources */ = {isa = PBXBuildFile; fileRef = C37D2CAF26261CB900510F8F /* StrokeView.swift */; };
/* End PBXBuildFile section */

/* Begin PBXFileReference section */
		08E161C93367509E050F29AF /* LICENSE.txt */ = {isa = PBXFileReference; includeInIndex = 1; lastKnownFileType = text; path = LICENSE.txt; sourceTree = "<group>"; };
		202D36EB511DC68DEE598C77 /* README.md */ = {isa = PBXFileReference; lastKnownFileType = net.daringfireball.markdown; path = README.md; sourceTree = "<group>"; };
		6E2E0AD22A0E0AA600D8CA96 /* PhotoPlacementView.swift */ = {isa = PBXFileReference; lastKnownFileType = sourcecode.swift; path = PhotoPlacementView.swift; sourceTree = "<group>"; };
		C34408D926334829003611AE /* StrokeColorIndicator.swift */ = {isa = PBXFileReference; lastKnownFileType = sourcecode.swift; path = StrokeColorIndicator.swift; sourceTree = "<group>"; };
		C34408DB263348A6003611AE /* ControlBar.swift */ = {isa = PBXFileReference; lastKnownFileType = sourcecode.swift; path = ControlBar.swift; sourceTree = "<group>"; };
		C353A77826338CDD00655853 /* DrawTogether.swift */ = {isa = PBXFileReference; lastKnownFileType = sourcecode.swift; path = DrawTogether.swift; sourceTree = "<group>"; };
		C37D2C91262559AE00510F8F /* DrawTogether.app */ = {isa = PBXFileReference; explicitFileType = wrapper.application; includeInIndex = 0; path = DrawTogether.app; sourceTree = BUILT_PRODUCTS_DIR; };
		C37D2C94262559AE00510F8F /* DrawTogetherApp.swift */ = {isa = PBXFileReference; lastKnownFileType = sourcecode.swift; path = DrawTogetherApp.swift; sourceTree = "<group>"; };
		C37D2C96262559AE00510F8F /* ContentView.swift */ = {isa = PBXFileReference; lastKnownFileType = sourcecode.swift; path = ContentView.swift; sourceTree = "<group>"; };
		C37D2C98262559B000510F8F /* Assets.xcassets */ = {isa = PBXFileReference; lastKnownFileType = folder.assetcatalog; path = Assets.xcassets; sourceTree = "<group>"; };
		C37D2C9B262559B000510F8F /* Preview Assets.xcassets */ = {isa = PBXFileReference; lastKnownFileType = folder.assetcatalog; path = "Preview Assets.xcassets"; sourceTree = "<group>"; };
		C37D2CA62625607000510F8F /* DrawTogether.entitlements */ = {isa = PBXFileReference; lastKnownFileType = text.plist.entitlements; path = DrawTogether.entitlements; sourceTree = "<group>"; };
		C37D2CA72626072900510F8F /* Canvas.swift */ = {isa = PBXFileReference; lastKnownFileType = sourcecode.swift; path = Canvas.swift; sourceTree = "<group>"; };
		C37D2CA9262608C200510F8F /* CanvasView.swift */ = {isa = PBXFileReference; lastKnownFileType = sourcecode.swift; path = CanvasView.swift; sourceTree = "<group>"; };
		C37D2CAB2626187300510F8F /* Stroke.swift */ = {isa = PBXFileReference; lastKnownFileType = sourcecode.swift; path = Stroke.swift; sourceTree = "<group>"; };
		C37D2CAD2626188900510F8F /* Messages.swift */ = {isa = PBXFileReference; lastKnownFileType = sourcecode.swift; path = Messages.swift; sourceTree = "<group>"; };
		C37D2CAF26261CB900510F8F /* StrokeView.swift */ = {isa = PBXFileReference; lastKnownFileType = sourcecode.swift; path = StrokeView.swift; sourceTree = "<group>"; };
		C7A85690F6B6FDF21EF6A77E /* SampleCode.xcconfig */ = {isa = PBXFileReference; lastKnownFileType = text.xcconfig; name = SampleCode.xcconfig; path = Configuration/SampleCode.xcconfig; sourceTree = "<group>"; };
/* End PBXFileReference section */

/* Begin PBXFrameworksBuildPhase section */
		C37D2C8E262559AE00510F8F /* Frameworks */ = {
			isa = PBXFrameworksBuildPhase;
			buildActionMask = 2147483647;
			files = (
			);
			runOnlyForDeploymentPostprocessing = 0;
		};
/* End PBXFrameworksBuildPhase section */

/* Begin PBXGroup section */
		8FC6D2BDEAC0800741035B29 /* LICENSE */ = {
			isa = PBXGroup;
			children = (
				08E161C93367509E050F29AF /* LICENSE.txt */,
			);
			path = LICENSE;
			sourceTree = "<group>";
		};
		C37D2C88262559AE00510F8F = {
			isa = PBXGroup;
			children = (
				202D36EB511DC68DEE598C77 /* README.md */,
				C37D2C93262559AE00510F8F /* DrawTogether */,
				C37D2C92262559AE00510F8F /* Products */,
				FAE1F65513790013DC70FBC9 /* Configuration */,
				8FC6D2BDEAC0800741035B29 /* LICENSE */,
			);
			sourceTree = "<group>";
		};
		C37D2C92262559AE00510F8F /* Products */ = {
			isa = PBXGroup;
			children = (
				C37D2C91262559AE00510F8F /* DrawTogether.app */,
			);
			name = Products;
			sourceTree = "<group>";
		};
		C37D2C93262559AE00510F8F /* DrawTogether */ = {
			isa = PBXGroup;
			children = (
				C37D2CAB2626187300510F8F /* Stroke.swift */,
				C37D2CAD2626188900510F8F /* Messages.swift */,
				C353A77826338CDD00655853 /* DrawTogether.swift */,
				C37D2CA72626072900510F8F /* Canvas.swift */,
				C37D2C96262559AE00510F8F /* ContentView.swift */,
				C37D2CB226261E2400510F8F /* View */,
				C37D2CB126261E1D00510F8F /* App */,
				C37D2CA62625607000510F8F /* DrawTogether.entitlements */,
				C37D2C98262559B000510F8F /* Assets.xcassets */,
				C37D2C9A262559B000510F8F /* Preview Content */,
			);
			path = DrawTogether;
			sourceTree = "<group>";
		};
		C37D2C9A262559B000510F8F /* Preview Content */ = {
			isa = PBXGroup;
			children = (
				C37D2C9B262559B000510F8F /* Preview Assets.xcassets */,
			);
			path = "Preview Content";
			sourceTree = "<group>";
		};
		C37D2CB126261E1D00510F8F /* App */ = {
			isa = PBXGroup;
			children = (
				C37D2C94262559AE00510F8F /* DrawTogetherApp.swift */,
			);
			path = App;
			sourceTree = "<group>";
		};
		C37D2CB226261E2400510F8F /* View */ = {
			isa = PBXGroup;
			children = (
				C37D2CA9262608C200510F8F /* CanvasView.swift */,
				C37D2CAF26261CB900510F8F /* StrokeView.swift */,
				C34408D926334829003611AE /* StrokeColorIndicator.swift */,
				C34408DB263348A6003611AE /* ControlBar.swift */,
				6E2E0AD22A0E0AA600D8CA96 /* PhotoPlacementView.swift */,
			);
			path = View;
			sourceTree = "<group>";
		};
		FAE1F65513790013DC70FBC9 /* Configuration */ = {
			isa = PBXGroup;
			children = (
				C7A85690F6B6FDF21EF6A77E /* SampleCode.xcconfig */,
			);
			name = Configuration;
			sourceTree = "<group>";
		};
/* End PBXGroup section */

/* Begin PBXNativeTarget section */
		C37D2C90262559AE00510F8F /* DrawTogether */ = {
			isa = PBXNativeTarget;
			buildConfigurationList = C37D2C9F262559B000510F8F /* Build configuration list for PBXNativeTarget "DrawTogether" */;
			buildPhases = (
				C37D2C8D262559AE00510F8F /* Sources */,
				C37D2C8E262559AE00510F8F /* Frameworks */,
				C37D2C8F262559AE00510F8F /* Resources */,
			);
			buildRules = (
			);
			dependencies = (
			);
			name = DrawTogether;
			productName = DrawTogether;
			productReference = C37D2C91262559AE00510F8F /* DrawTogether.app */;
			productType = "com.apple.product-type.application";
		};
/* End PBXNativeTarget section */

/* Begin PBXProject section */
		C37D2C89262559AE00510F8F /* Project object */ = {
			isa = PBXProject;
			attributes = {
				LastSwiftUpdateCheck = 1300;
				LastUpgradeCheck = 1300;
				ORGANIZATIONNAME = Apple;
				TargetAttributes = {
					C37D2C90262559AE00510F8F = {
						CreatedOnToolsVersion = 13.0;
					};
				};
			};
			buildConfigurationList = C37D2C8C262559AE00510F8F /* Build configuration list for PBXProject "DrawTogether" */;
			compatibilityVersion = "Xcode 9.3";
			developmentRegion = en;
			hasScannedForEncodings = 0;
			knownRegions = (
				en,
				Base,
			);
			mainGroup = C37D2C88262559AE00510F8F;
			productRefGroup = C37D2C92262559AE00510F8F /* Products */;
			projectDirPath = "";
			projectRoot = "";
			targets = (
				C37D2C90262559AE00510F8F /* DrawTogether */,
			);
		};
/* End PBXProject section */

/* Begin PBXResourcesBuildPhase section */
		C37D2C8F262559AE00510F8F /* Resources */ = {
			isa = PBXResourcesBuildPhase;
			buildActionMask = 2147483647;
			files = (
				C37D2C9C262559B000510F8F /* Preview Assets.xcassets in Resources */,
				C37D2C99262559B000510F8F /* Assets.xcassets in Resources */,
			);
			runOnlyForDeploymentPostprocessing = 0;
		};
/* End PBXResourcesBuildPhase section */

/* Begin PBXSourcesBuildPhase section */
		C37D2C8D262559AE00510F8F /* Sources */ = {
			isa = PBXSourcesBuildPhase;
			buildActionMask = 2147483647;
			files = (
				C37D2CB026261CB900510F8F /* StrokeView.swift in Sources */,
				6EEE28B02A0E23BB00159A04 /* Canvas.swift in Sources */,
				C37D2C97262559AE00510F8F /* ContentView.swift in Sources */,
				C37D2CAE2626188900510F8F /* Messages.swift in Sources */,
				C37D2C95262559AE00510F8F /* DrawTogetherApp.swift in Sources */,
				C37D2CAA262608C200510F8F /* CanvasView.swift in Sources */,
				C34408DC263348A6003611AE /* ControlBar.swift in Sources */,
				C37D2CAC2626187300510F8F /* Stroke.swift in Sources */,
				C34408DA26334829003611AE /* StrokeColorIndicator.swift in Sources */,
				6E2E0AD32A0E0AA600D8CA96 /* PhotoPlacementView.swift in Sources */,
				C353A77926338CDD00655853 /* DrawTogether.swift in Sources */,
			);
			runOnlyForDeploymentPostprocessing = 0;
		};
/* End PBXSourcesBuildPhase section */

/* Begin XCBuildConfiguration section */
		C37D2C9D262559B000510F8F /* Debug */ = {
			isa = XCBuildConfiguration;
			baseConfigurationReference = C7A85690F6B6FDF21EF6A77E /* SampleCode.xcconfig */;
			buildSettings = {
				ALWAYS_SEARCH_USER_PATHS = NO;
				CLANG_ANALYZER_NONNULL = YES;
				CLANG_ANALYZER_NUMBER_OBJECT_CONVERSION = YES_AGGRESSIVE;
				CLANG_CXX_LANGUAGE_STANDARD = "gnu++14";
				CLANG_CXX_LIBRARY = "libc++";
				CLANG_ENABLE_MODULES = YES;
				CLANG_ENABLE_OBJC_ARC = YES;
				CLANG_ENABLE_OBJC_WEAK = YES;
				CLANG_WARN_BLOCK_CAPTURE_AUTORELEASING = YES;
				CLANG_WARN_BOOL_CONVERSION = YES;
				CLANG_WARN_COMMA = YES;
				CLANG_WARN_CONSTANT_CONVERSION = YES;
				CLANG_WARN_DEPRECATED_OBJC_IMPLEMENTATIONS = YES;
				CLANG_WARN_DIRECT_OBJC_ISA_USAGE = YES_ERROR;
				CLANG_WARN_DOCUMENTATION_COMMENTS = YES;
				CLANG_WARN_EMPTY_BODY = YES;
				CLANG_WARN_ENUM_CONVERSION = YES;
				CLANG_WARN_INFINITE_RECURSION = YES;
				CLANG_WARN_INT_CONVERSION = YES;
				CLANG_WARN_NON_LITERAL_NULL_CONVERSION = YES;
				CLANG_WARN_OBJC_IMPLICIT_RETAIN_SELF = YES;
				CLANG_WARN_OBJC_LITERAL_CONVERSION = YES;
				CLANG_WARN_OBJC_ROOT_CLASS = YES_ERROR;
				CLANG_WARN_QUOTED_INCLUDE_IN_FRAMEWORK_HEADER = YES;
				CLANG_WARN_RANGE_LOOP_ANALYSIS = YES;
				CLANG_WARN_STRICT_PROTOTYPES = YES;
				CLANG_WARN_SUSPICIOUS_MOVE = YES;
				CLANG_WARN_UNGUARDED_AVAILABILITY = YES_AGGRESSIVE;
				CLANG_WARN_UNREACHABLE_CODE = YES;
				CLANG_WARN__DUPLICATE_METHOD_MATCH = YES;
				COPY_PHASE_STRIP = NO;
				DEBUG_INFORMATION_FORMAT = dwarf;
				ENABLE_STRICT_OBJC_MSGSEND = YES;
				ENABLE_TESTABILITY = YES;
				GCC_C_LANGUAGE_STANDARD = gnu11;
				GCC_DYNAMIC_NO_PIC = NO;
				GCC_NO_COMMON_BLOCKS = YES;
				GCC_OPTIMIZATION_LEVEL = 0;
				GCC_PREPROCESSOR_DEFINITIONS = (
					"DEBUG=1",
					"$(inherited)",
				);
				GCC_WARN_64_TO_32_BIT_CONVERSION = YES;
				GCC_WARN_ABOUT_RETURN_TYPE = YES_ERROR;
				GCC_WARN_UNDECLARED_SELECTOR = YES;
				GCC_WARN_UNINITIALIZED_AUTOS = YES_AGGRESSIVE;
				GCC_WARN_UNUSED_FUNCTION = YES;
				GCC_WARN_UNUSED_VARIABLE = YES;
				IPHONEOS_DEPLOYMENT_TARGET = 15.0;
				MTL_ENABLE_DEBUG_INFO = INCLUDE_SOURCE;
				MTL_FAST_MATH = YES;
				ONLY_ACTIVE_ARCH = YES;
				SDKROOT = iphoneos;
				SWIFT_ACTIVE_COMPILATION_CONDITIONS = DEBUG;
				SWIFT_OPTIMIZATION_LEVEL = "-Onone";
			};
			name = Debug;
		};
		C37D2C9E262559B000510F8F /* Release */ = {
			isa = XCBuildConfiguration;
			baseConfigurationReference = C7A85690F6B6FDF21EF6A77E /* SampleCode.xcconfig */;
			buildSettings = {
				ALWAYS_SEARCH_USER_PATHS = NO;
				CLANG_ANALYZER_NONNULL = YES;
				CLANG_ANALYZER_NUMBER_OBJECT_CONVERSION = YES_AGGRESSIVE;
				CLANG_CXX_LANGUAGE_STANDARD = "gnu++14";
				CLANG_CXX_LIBRARY = "libc++";
				CLANG_ENABLE_MODULES = YES;
				CLANG_ENABLE_OBJC_ARC = YES;
				CLANG_ENABLE_OBJC_WEAK = YES;
				CLANG_WARN_BLOCK_CAPTURE_AUTORELEASING = YES;
				CLANG_WARN_BOOL_CONVERSION = YES;
				CLANG_WARN_COMMA = YES;
				CLANG_WARN_CONSTANT_CONVERSION = YES;
				CLANG_WARN_DEPRECATED_OBJC_IMPLEMENTATIONS = YES;
				CLANG_WARN_DIRECT_OBJC_ISA_USAGE = YES_ERROR;
				CLANG_WARN_DOCUMENTATION_COMMENTS = YES;
				CLANG_WARN_EMPTY_BODY = YES;
				CLANG_WARN_ENUM_CONVERSION = YES;
				CLANG_WARN_INFINITE_RECURSION = YES;
				CLANG_WARN_INT_CONVERSION = YES;
				CLANG_WARN_NON_LITERAL_NULL_CONVERSION = YES;
				CLANG_WARN_OBJC_IMPLICIT_RETAIN_SELF = YES;
				CLANG_WARN_OBJC_LITERAL_CONVERSION = YES;
				CLANG_WARN_OBJC_ROOT_CLASS = YES_ERROR;
				CLANG_WARN_QUOTED_INCLUDE_IN_FRAMEWORK_HEADER = YES;
				CLANG_WARN_RANGE_LOOP_ANALYSIS = YES;
				CLANG_WARN_STRICT_PROTOTYPES = YES;
				CLANG_WARN_SUSPICIOUS_MOVE = YES;
				CLANG_WARN_UNGUARDED_AVAILABILITY = YES_AGGRESSIVE;
				CLANG_WARN_UNREACHABLE_CODE = YES;
				CLANG_WARN__DUPLICATE_METHOD_MATCH = YES;
				COPY_PHASE_STRIP = NO;
				DEBUG_INFORMATION_FORMAT = "dwarf-with-dsym";
				ENABLE_NS_ASSERTIONS = NO;
				ENABLE_STRICT_OBJC_MSGSEND = YES;
				GCC_C_LANGUAGE_STANDARD = gnu11;
				GCC_NO_COMMON_BLOCKS = YES;
				GCC_WARN_64_TO_32_BIT_CONVERSION = YES;
				GCC_WARN_ABOUT_RETURN_TYPE = YES_ERROR;
				GCC_WARN_UNDECLARED_SELECTOR = YES;
				GCC_WARN_UNINITIALIZED_AUTOS = YES_AGGRESSIVE;
				GCC_WARN_UNUSED_FUNCTION = YES;
				GCC_WARN_UNUSED_VARIABLE = YES;
				IPHONEOS_DEPLOYMENT_TARGET = 15.0;
				MTL_ENABLE_DEBUG_INFO = NO;
				MTL_FAST_MATH = YES;
				SDKROOT = iphoneos;
				SWIFT_COMPILATION_MODE = wholemodule;
				SWIFT_OPTIMIZATION_LEVEL = "-O";
				VALIDATE_PRODUCT = YES;
			};
			name = Release;
		};
		C37D2CA0262559B000510F8F /* Debug */ = {
			isa = XCBuildConfiguration;
			baseConfigurationReference = C7A85690F6B6FDF21EF6A77E /* SampleCode.xcconfig */;
			buildSettings = {
				ASSETCATALOG_COMPILER_APPICON_NAME = AppIcon;
				ASSETCATALOG_COMPILER_GLOBAL_ACCENT_COLOR_NAME = AccentColor;
				CODE_SIGN_ENTITLEMENTS = DrawTogether/DrawTogether.entitlements;
				CURRENT_PROJECT_VERSION = 1;
				DEVELOPMENT_ASSET_PATHS = "\"DrawTogether/Preview Content\"";
				DEVELOPMENT_TEAM = WT5N9FK54M;
				ENABLE_PREVIEWS = YES;
				GENERATE_INFOPLIST_FILE = YES;
				INFOPLIST_KEY_UIApplicationSceneManifest_Generation = YES;
				INFOPLIST_KEY_UIApplicationSupportsIndirectInputEvents = YES;
				INFOPLIST_KEY_UILaunchScreen_Generation = YES;
				INFOPLIST_KEY_UISupportedInterfaceOrientations_iPad = "UIInterfaceOrientationPortrait UIInterfaceOrientationPortraitUpsideDown UIInterfaceOrientationLandscapeLeft UIInterfaceOrientationLandscapeRight";
				INFOPLIST_KEY_UISupportedInterfaceOrientations_iPhone = "UIInterfaceOrientationPortrait UIInterfaceOrientationLandscapeLeft UIInterfaceOrientationLandscapeRight";
				IPHONEOS_DEPLOYMENT_TARGET = 16.0;
				LD_RUNPATH_SEARCH_PATHS = (
					"$(inherited)",
					"@executable_path/Frameworks",
				);
				MARKETING_VERSION = 1.0;
				PRODUCT_BUNDLE_IDENTIFIER = "com.nonstrict.apple-samplecode.DrawTogether";
				PRODUCT_NAME = "$(TARGET_NAME)";
				PROVISIONING_PROFILE_SPECIFIER = "";
				SWIFT_VERSION = 5.0;
				TARGETED_DEVICE_FAMILY = "1,2";
			};
			name = Debug;
		};
		C37D2CA1262559B000510F8F /* Release */ = {
			isa = XCBuildConfiguration;
			baseConfigurationReference = C7A85690F6B6FDF21EF6A77E /* SampleCode.xcconfig */;
			buildSettings = {
				ASSETCATALOG_COMPILER_APPICON_NAME = AppIcon;
				ASSETCATALOG_COMPILER_GLOBAL_ACCENT_COLOR_NAME = AccentColor;
				CODE_SIGN_ENTITLEMENTS = DrawTogether/DrawTogether.entitlements;
				CURRENT_PROJECT_VERSION = 1;
				DEVELOPMENT_ASSET_PATHS = "\"DrawTogether/Preview Content\"";
				DEVELOPMENT_TEAM = WT5N9FK54M;
				ENABLE_PREVIEWS = YES;
				GENERATE_INFOPLIST_FILE = YES;
				INFOPLIST_KEY_UIApplicationSceneManifest_Generation = YES;
				INFOPLIST_KEY_UIApplicationSupportsIndirectInputEvents = YES;
				INFOPLIST_KEY_UILaunchScreen_Generation = YES;
				INFOPLIST_KEY_UISupportedInterfaceOrientations_iPad = "UIInterfaceOrientationPortrait UIInterfaceOrientationPortraitUpsideDown UIInterfaceOrientationLandscapeLeft UIInterfaceOrientationLandscapeRight";
				INFOPLIST_KEY_UISupportedInterfaceOrientations_iPhone = "UIInterfaceOrientationPortrait UIInterfaceOrientationLandscapeLeft UIInterfaceOrientationLandscapeRight";
				IPHONEOS_DEPLOYMENT_TARGET = 16.0;
				LD_RUNPATH_SEARCH_PATHS = (
					"$(inherited)",
					"@executable_path/Frameworks",
				);
				MARKETING_VERSION = 1.0;
				PRODUCT_BUNDLE_IDENTIFIER = "com.nonstrict.apple-samplecode.DrawTogether";
				PRODUCT_NAME = "$(TARGET_NAME)";
				PROVISIONING_PROFILE_SPECIFIER = "";
				SWIFT_VERSION = 5.0;
				TARGETED_DEVICE_FAMILY = "1,2";
			};
			name = Release;
		};
/* End XCBuildConfiguration section */

/* Begin XCConfigurationList section */
		C37D2C8C262559AE00510F8F /* Build configuration list for PBXProject "DrawTogether" */ = {
			isa = XCConfigurationList;
			buildConfigurations = (
				C37D2C9D262559B000510F8F /* Debug */,
				C37D2C9E262559B000510F8F /* Release */,
			);
			defaultConfigurationIsVisible = 0;
			defaultConfigurationName = Release;
		};
		C37D2C9F262559B000510F8F /* Build configuration list for PBXNativeTarget "DrawTogether" */ = {
			isa = XCConfigurationList;
			buildConfigurations = (
				C37D2CA0262559B000510F8F /* Debug */,
				C37D2CA1262559B000510F8F /* Release */,
			);
			defaultConfigurationIsVisible = 0;
			defaultConfigurationName = Release;
		};
/* End XCConfigurationList section */
	};
	rootObject = C37D2C89262559AE00510F8F /* Project object */;
}
